
Microsoft Visual Studio Solution File, Format Version 12.00
# Visual Studio Version 17
VisualStudioVersion = 17.8.34330.188
MinimumVisualStudioVersion = 10.0.40219.1
Project("{FAE04EC0-301F-11D3-BF4B-00C04F79EFBC}") = "CustomerDemo", "CustomerDemo.csproj", "{756A3C4A-283F-459A-BB2D-1D68C654EACA}"
EndProject
Global
	GlobalSection(SolutionConfigurationPlatforms) = preSolution
		Debug|Any CPU = Debug|Any CPU
		Release|Any CPU = Release|Any CPU
	EndGlobalSection
	GlobalSection(ProjectConfigurationPlatforms) = postSolution
		{756A3C4A-283F-459A-BB2D-1D68C654EACA}.Debug|Any CPU.ActiveCfg = Debug|Any CPU
		{756A3C4A-283F-459A-BB2D-1D68C654EACA}.Debug|Any CPU.Build.0 = Debug|Any CPU
		{756A3C4A-283F-459A-BB2D-1D68C654EACA}.Release|Any CPU.ActiveCfg = Release|Any CPU
		{756A3C4A-283F-459A-BB2D-1D68C654EACA}.Release|Any CPU.Build.0 = Release|Any CPU
	EndGlobalSection
	GlobalSection(SolutionProperties) = preSolution
		HideSolutionNode = FALSE
	EndGlobalSection
	GlobalSection(ExtensibilityGlobals) = postSolution
		SolutionGuid = {D5960D30-4D67-4B63-A8FC-6E369FEB6242}
	EndGlobalSection
EndGlobal
